# This file was autogenerated by uv via the following command:
#    uv export --frozen --no-dev --no-emit-project --format requirements-txt --output-file infra/requirements.lock
aiohappyeyeballs==2.7.1 \
    --hash=sha256:065665c041c42a5938ed220bdcd7230f22527fbec085e1853d2402c8a3615d9d \
    --hash=sha256:9243213661e29250eb41368e5daa826fc017156c3b8a11440826b2e3ed376472
    # via aiohttp
aiohttp==3.14.1 \
    --hash=sha256:1c1421eb01d4fd608d88cc8290211d177a58532b55ad94076fb349c5bf467f0a \
    --hash=sha256:27fd7c91e51729b4f7e1577865fa6d34c9adccbc39aabe9000285b48af9f0ec2 \
    --hash=sha256:2aa92c87868cd13674989f9ee83e5f9f7ea4237589b728048e1f0c8f6caa3271 \
    --hash=sha256:2c840c90759922cb5e6dda94596e079a30fb5a5ba548e7e0dc00574703940847 \
    --hash=sha256:2f73e01dc37122325caf079982621262f96d74823c179038a82fddfc50359264 \
    --hash=sha256:307f2cff90a764d329e77040603fa032db89c5c24fdad50c4c15334cba744035 \
    --hash=sha256:34b257ec41345c1e8f2df68fa908a7952f5de932723871eb633ecbbff396c9a4 \
    --hash=sha256:3e6fc1a85fa7194a1a7d19f44e8609180f4a8eb5fa4c7ed8b4355f080fad235c \
    --hash=sha256:64c567bf9eaf664280116a8688f63016e6b32db2505908e2bdaca1b6438142f2 \
    --hash=sha256:686b6c0d3911ec387b444ddf5dc62fb7f7c0a7d5186a7861626496a5ab4aff95 \
    --hash=sha256:6f71173be42d3241d428f760122febb748de0623f44308a6f120d0dd9ec572e3 \
    --hash=sha256:87a5eea1b2a5e21e1ebdbb33ad4165359189327e63fc4e4894693e7f821ac817 \
    --hash=sha256:bb2c0c80d431c0d03f2c7dbf125150fedd4f0de17366a7ca33f7ccb822391842 \
    --hash=sha256:bcfb80a2cc36fba2534e5e5b5264dc7ae6fcd9bf15256da3e53d2f499e6fa29d \
    --hash=sha256:c6fa4dc7ad6f8109c70bb1499e589f76b0b792baf39f9b017eb92c8a81d0a199 \
    --hash=sha256:d35143e27778b4bb0fb189562d7f275bff79c62ab8e98459717c0ea617ff2480 \
    --hash=sha256:de538791a80e5d862addbc183f70f0158ac9b9bb872bb147f1fd2a683691e087 \
    --hash=sha256:ec8dc383ee57ea3e883477dcca3f11b65d58199f1080acaf4cd6ad9a99698be4 \
    --hash=sha256:f5e6ff2bdbb8f4cd3fbe41f99e25bbcd58e3bf9f13d3dd31a11e7917251cc77a
    # via litellm
aiosignal==1.4.0 \
    --hash=sha256:053243f8b92b990551949e63930a839ff0cf0b0ebbe0597b0f3fb19e1a0fe82e \
    --hash=sha256:f47eecd9468083c2029cc99945502cb7708b082c232f9aca65da147157b251c7
    # via aiohttp
alembic==1.18.5 \
    --hash=sha256:06d8ba9d04558022f5395e9317de03d270f3dced49cee01f89fe7a13c26f14bc \
    --hash=sha256:1554982221dd17e9a749b53902407578eb305e453f71999e8c7f0a48389fff8e
    # via family-recipe-agent
amqp==5.3.1 \
    --hash=sha256:43b3319e1b4e7d1251833a93d672b4af1e40f3d632d479b98661a95f117880a2 \
    --hash=sha256:cddc00c725449522023bad949f70fff7b48f0b1ade74d170a6f10ab044739432
    # via kombu
annotated-doc==0.0.4 \
    --hash=sha256:571ac1dc6991c450b25a9c2d84a3705e2ae7a53467b5d111c24fa8baabbed320 \
    --hash=sha256:fbcda96e87e9c92ad167c2e53839e57503ecfda18804ea28102353485033faa4
    # via fastapi
annotated-types==0.7.0 \
    --hash=sha256:1f02e8b43a8fbbc3f3e0d4f0f4bfc8131bcb4eebe8849b8e5c773f3a1c582a53 \
    --hash=sha256:aff07c09a53a08bc8cfccb9c85b05f1aa9a2a6f23728d790723543408344ce89
    # via pydantic
anyio==4.14.2 \
    --hash=sha256:9f505dda5ac9f0c8309b5e8bd445a8c2bf7246f3ce950121e45ea15bc41d1494 \
    --hash=sha256:cfa139f3ed1a23ee8f88a145ddb5ac7605b8bbfd8592baacd7ce3d8bb4313c7f
    # via
    #   httpx
    #   openai
    #   starlette
    #   watchfiles
asyncpg==0.31.0 \
    --hash=sha256:027eaa61361ec735926566f995d959ade4796f6a49d3bde17e5134b9964f9ba8 \
    --hash=sha256:0c89ccf741c067614c9b5fc7f1fc6f3b61ab05ae4aaa966e6fd6b93097c7d20d \
    --hash=sha256:12b3b2e39dc5470abd5e98c8d3373e4b1d1234d9fbdedf538798b2c13c64460a \
    --hash=sha256:3df118d94f46d85b2e434fd62c84cb66d5834d5a890725fe625f498e72e4d5ec \
    --hash=sha256:72d6bdcbc93d608a1158f17932de2321f68b1a967a13e014998db87a72ed3186 \
    --hash=sha256:aad7a33913fb8bcb5454313377cc330fbb19a0cd5faa7272407d8a0c4257b671 \
    --hash=sha256:b44c31e1efc1c15188ef183f287c728e2046abb1d26af4d20858215d50d91fad \
    --hash=sha256:bd5b6efff3c17c3202d4b37189969acf8927438a238c6257f66be3c426beba20 \
    --hash=sha256:c989386c83940bfbd787180f2b1519415e2d3d6277a70d9d0f0145ac73500735
    # via family-recipe-agent
attrs==26.1.0 \
    --hash=sha256:c647aa4a12dfbad9333ca4e71fe62ddc36f4e63b2d260a37a8b83d2f043ac309 \
    --hash=sha256:d03ceb89cb322a8fd706d4fb91940737b6642aa36998fe130a9bc96c985eff32
    # via
    #   aiohttp
    #   jsonschema
    #   referencing
billiard==4.2.4 \
    --hash=sha256:525b42bdec68d2b983347ac312f892db930858495db601b5836ac24e6477cde5 \
    --hash=sha256:55f542c371209e03cd5862299b74e52e4fbcba8250ba611ad94276b369b6a85f
    # via celery
celery==5.6.3 \
    --hash=sha256:0808f42f80909c4d5833202360ffafb2a4f83f4d8e23e1285d926610e9a7afa6 \
    --hash=sha256:177006bd2054b882e9f01be59abd8529e88879ef50d7918a7050c5a9f4e12912
    # via family-recipe-agent
certifi==2026.6.17 \
    --hash=sha256:024c88eeec92ca068db80f02b8b07c9cef7b9fe261d1d535abfd5abd6f6af432 \
    --hash=sha256:2227dcbaafe0d2f59279d1762ddddc37783ed4354594f194ffc31d20f41fc3db
    # via
    #   httpcore
    #   httpx
    #   requests
cffi==2.1.0 ; platform_python_implementation != 'PyPy' \
    --hash=sha256:1e9f50d192a3e525b15a75ab5114e442d83d657b7ec29182a991bc9a88fd3a66 \
    --hash=sha256:379de10ce1ba048b1448599d1b37b24caee16309d1ac98d3982fc997f768700b \
    --hash=sha256:46b1c8db8f6122420f32d02fffb924c2fe9bc772d228c7c711748fff56aabb2b \
    --hash=sha256:5972433ad71a9e46516584ef60a0fda12d9dc459938d1539c3ddecf9bdc1368d \
    --hash=sha256:6d194185eabd279f1c05ebe3504265ddfc5ad2b58d0714f7db9f01da592e9eb6 \
    --hash=sha256:78474632761faa0fb96f30b1c928c84ebcf68713cbb80d15bab09dfe61640fde \
    --hash=sha256:98fff996e983a36d3aa2eca83af40c5821202e7e6f32d13ae94e3d2286f10cfe \
    --hash=sha256:9b8f0f26ca4e7513c534d351eca551947d053fac438f2a04ac96d882909b0d3a \
    --hash=sha256:b6422532152adf4e59b110cb2808cee7a033800952f5c036b4af047ee43199e7 \
    --hash=sha256:c97f080ea627e2863524c5af3836e2270b5f5dfff1f104392b959f8df0c5d384 \
    --hash=sha256:d9fafc5aa2e2a39aaf7f8cc0c1f044a9b07fca12e558dca53a3cc5c654ad67a7 \
    --hash=sha256:df2b82571a1b30f58a87bf4e5a9e78d2b1eff6c6ce8fd3aa3757221f93f0863f \
    --hash=sha256:efc1cdd798b1aaf39b4610bba7aad28c9bea9b910f25c784ccf9ec1fa719d1f9
    # via cryptography
charset-normalizer==3.4.9 \
    --hash=sha256:03d07803992c6c7bbc976327f34b18b6160327fc81cb82c9d504720ac0be3b62 \
    --hash=sha256:45b0cc4e3556cd875e09102988d1ab8356c998b596c9fced84547c8138b487a0 \
    --hash=sha256:4b3dac63058cc36820b0dd072f89898604e2d39686fe05321729d00d8ac185a0 \
    --hash=sha256:5e226f6218febc71f6c1fc2fafb91c226f75bdc1d8fb12d66823716e891608fd \
    --hash=sha256:60f44ade2cf573dad7a277e6f8ca9a51a21dda572b13bd7d8539bb3cd5dbedde \
    --hash=sha256:673611bbd43f0810bec0b0f028ddeaaa501190339cac411f347ac76917c3ae7b \
    --hash=sha256:68e5f26a1ad57ded6d1cfb85331d1c1a195314756471d97758c48498bb4dcdf5 \
    --hash=sha256:78841cccf1af7b40f6f716338d50c0902dbe88d9f800b3c973b7a9a0a693a642 \
    --hash=sha256:78fa18e436a1a0e58dbd7e02fc4473f3f32cceb12df9dfca542d075961c307d2 \
    --hash=sha256:7b86a2b16095d250c6f58b3d9b2eee6f4147754344f3dab0922f7c9bf7d226c9 \
    --hash=sha256:90c44bc373b7687f6948b693cceaea1348ae0975d7474746559494468e3c1d84 \
    --hash=sha256:9104ed0bd76a429d46f9ec0dbc9b08ad1d2dcdf2b00a5a0daa1c145329b35b44 \
    --hash=sha256:9b2aff1c7b3884512b9512c3eaadd9bab39fb45042ffaaa1dd08ff2b9f8109d9 \
    --hash=sha256:9cdef90ae47919cae358d8ab15797a800ed41da7aba5d72419fb510729e2ed4b \
    --hash=sha256:a1786910334ed46ab1dd73222f2cd1e05c2c3bb39f6dddb4f8b36fc382058a39
    # via requests
click==8.4.2 \
    --hash=sha256:9a6cea6e60b17ebe0a44c5cc636d94f09bd66142c1cd7d8b4cd731c4917a15f6 \
    --hash=sha256:e6f9f66136c816745b9d65817da91d61d957fb16e02e4dcd0552553c5a197b76
    # via
    #   celery
    #   click-didyoumean
    #   click-plugins
    #   click-repl
    #   huggingface-hub
    #   litellm
    #   uvicorn
click-didyoumean==0.3.1 \
    --hash=sha256:4f82fdff0dbe64ef8ab2279bd6aa3f6a99c3b28c05aa09cbfc07c9d7fbb5a463 \
    --hash=sha256:5c4bb6007cfea5f2fd6583a2fb6701a22a41eb98957e63d0fac41c10e7c3117c
    # via celery
click-plugins==1.1.1.2 \
    --hash=sha256:008d65743833ffc1f5417bf0e78e8d2c23aab04d9745ba817bd3e71b0feb6aa6 \
    --hash=sha256:d7af3984a99d243c131aa1a828331e7630f4a88a9741fd05c927b204bcf92261
    # via celery
click-repl==0.3.0 \
    --hash=sha256:17849c23dba3d667247dc4defe1757fff98694e90fe37474f3feebb69ced26a9 \
    --hash=sha256:fb7e06deb8da8de86180a33a9da97ac316751c094c6899382da7feeeeb51b812
    # via celery
colorama==0.4.6 ; sys_platform == 'win32' \
    --hash=sha256:08695f5cb7ed6e0531a20572697297273c47b8cae5a63ffc6d6ed5c201be6e44 \
    --hash=sha256:4f1d9991f5acc0ca119f9d443620b77f9d6b33703e51011c16baf57afb285fc6
    # via
    #   click
    #   tqdm
cryptography==46.0.7 \
    --hash=sha256:128c5edfe5e5938b86b03941e94fac9ee793a94452ad1365c9fc3f4f62216832 \
    --hash=sha256:1d25aee46d0c6f1a501adcddb2d2fee4b979381346a78558ed13e50aa8a59067 \
    --hash=sha256:24402210aa54baae71d99441d15bb5a1919c195398a87b563df84468160a65de \
    --hash=sha256:35719dc79d4730d30f1c2b6474bd6acda36ae2dfae1e3c16f2051f215df33ce0 \
    --hash=sha256:397655da831414d165029da9bc483bed2fe0e75dde6a1523ec2fe63f3c46046b \
    --hash=sha256:420b1e4109cc95f0e5700eed79908cef9268265c773d3a66f7af1eef53d409ef \
    --hash=sha256:42a1e5f98abb6391717978baf9f90dc28a743b7d9be7f0751a6f56a75d14065b \
    --hash=sha256:462ad5cb1c148a22b2e3bcc5ad52504dff325d17daf5df8d88c17dda1f75f2a4 \
    --hash=sha256:506c4ff91eff4f82bdac7633318a526b1d1309fc07ca76a3ad182cb5b686d6d3 \
    --hash=sha256:5ad9ef796328c5e3c4ceed237a183f5d41d21150f972455a9d926593a1dcb308 \
    --hash=sha256:5d1c02a14ceb9148cc7816249f64f623fbfee39e8c03b3650d842ad3f34d637e \
    --hash=sha256:5e51be372b26ef4ba3de3c167cd3d1022934bc838ae9eaad7e644986d2a3d163 \
    --hash=sha256:73510b83623e080a2c35c62c15298096e2a5dc8d51c3b4e1740211839d0dea77 \
    --hash=sha256:7bbc6ccf49d05ac8f7d7b5e2e2c33830d4fe2061def88210a126d130d7f71a85 \
    --hash=sha256:84d4cced91f0f159a7ddacad249cc077e63195c36aac40b4150e7a57e84fffe7 \
    --hash=sha256:8a469028a86f12eb7d2fe97162d0634026d92a21f3ae0ac87ed1c4a447886c83 \
    --hash=sha256:91bbcb08347344f810cbe49065914fe048949648f6bd5c2519f34619142bbe85 \
    --hash=sha256:935ce7e3cfdb53e3536119a542b839bb94ec1ad081013e9ab9b7cfd478b05006 \
    --hash=sha256:9694078c5d44c157ef3162e3bf3946510b857df5a3955458381d1c7cfc143ddb \
    --hash=sha256:a1529d614f44b863a7b480c6d000fe93b59acee9c82ffa027cfadc77521a9f5e \
    --hash=sha256:abad9dac36cbf55de6eb49badd4016806b3165d396f64925bf2999bcb67837ba \
    --hash=sha256:b36a4695e29fe69215d75960b22577197aca3f7a25b9cf9d165dcfe9d80bc325 \
    --hash=sha256:cbd5fb06b62bd0721e1170273d3f4d5a277044c47ca27ee257025146c34cbdd1 \
    --hash=sha256:cdf1a610ef82abb396451862739e3fc93b071c844399e15b90726ef7470eeaf2 \
    --hash=sha256:cdfbe22376065ffcf8be74dc9a909f032df19bc58a699456a21712d6e5eabfd0 \
    --hash=sha256:d23c8ca48e44ee015cd0a54aeccdf9f09004eba9fc96f38c911011d9ff1bd457 \
    --hash=sha256:e4cfd68c5f3e0bfdad0d38e023239b96a2fe84146481852dffbcca442c245aa5 \
    --hash=sha256:ea42cbe97209df307fdc3b155f1b6fa2577c0defa8f1f7d3be7d31d189108ad4 \
    --hash=sha256:f247c8c1a1fb45e12586afbb436ef21ff1e80670b2861a90353d9b025583d246
    # via family-recipe-agent
distro==1.9.0 \
    --hash=sha256:2fa77c6fd8940f116ee1d6b94a2f90b13b5ea8d019b98bc8bafdcabcdd9bdbed \
    --hash=sha256:7bffd925d65168f85027d8da9af6bddab658135b840670a223589bc0c8ef02b2
    # via openai
dnspython==2.8.0 \
    --hash=sha256:01d9bbc4a2d76bf0db7c1f729812ded6d912bd318d3b1cf81d30c0f845dbf3af \
    --hash=sha256:181d3c6996452cb1189c4046c61599b84a5a86e099562ffde77d26984ff26d0f
    # via email-validator
email-validator==2.3.0 \
    --hash=sha256:80f13f623413e6b197ae73bb10bf4eb0908faf509ad8362c5edeb0be7fd450b4 \
    --hash=sha256:9fc05c37f2f6cf439ff414f8fc46d917929974a82244c20eb10231ba60c54426
    # via family-recipe-agent
fastapi==0.139.0 \
    --hash=sha256:99ab7b2d92223c76d6cf10757ab3f89d45b38267fc20b2a136cf02f6beac3145 \
    --hash=sha256:cf15e1e9e667ddb0ad63811e60bd11390d1aac838ca4a7a23f421807b2308189
    # via family-recipe-agent
fastuuid==0.14.0 \
    --hash=sha256:0c9ec605ace243b6dbe3bd27ebdd5d33b00d8d1d3f580b39fdd15cd96fd71796 \
    --hash=sha256:178947fc2f995b38497a74172adee64fdeb8b7ec18f2a5934d037641ba265d26 \
    --hash=sha256:2fb3c0d7fef6674bbeacdd6dbd386924a7b60b26de849266d1ff6602937675c8 \
    --hash=sha256:3acdf655684cc09e60fb7e4cf524e8f42ea760031945aa8086c7eae2eeeabeb8 \
    --hash=sha256:77e94728324b63660ebf8adb27055e92d2e4611645bf12ed9d88d30486471d0a \
    --hash=sha256:808527f2407f58a76c916d6aa15d58692a4a019fdf8d4c32ac7ff303b7d7af09 \
    --hash=sha256:9579618be6280700ae36ac42c3efd157049fe4dd40ca49b021280481c78c3176 \
    --hash=sha256:ab3f5d36e4393e628a4df337c2c039069344db5f4b9d2a3c9cea48284f1dd741 \
    --hash=sha256:b9a0ca4f03b7e0b01425281ffd44e99d360e15c895f1907ca105854ed85e2057 \
    --hash=sha256:caa1f14d2102cb8d353096bc6ef6c13b2c81f347e6ab9d6fbd48b9dea41c153d \
    --hash=sha256:d23ef06f9e67163be38cece704170486715b177f6baae338110983f99a72c070 \
    --hash=sha256:d9e4332dc4ba054434a9594cbfaf7823b57993d7d8e7267831c3e059857cf397
    # via litellm
filelock==3.29.7 \
    --hash=sha256:5b481979797ae69e72f0b389d89a80bdd585c260c5b3f1fb9c0a5ba9bb3f195d \
    --hash=sha256:987db6f789a3a2a59f55081801b2b3697cb97e2a736b5f1a9e99b559285fbc51
    # via huggingface-hub
frozenlist==1.8.0 \
    --hash=sha256:0c18a16eab41e82c295618a77502e17b195883241c563b00f0aa5106fc4eaa0d \
    --hash=sha256:229bf37d2e4acdaf808fd3f06e854a4a7a3661e871b10dc1f8f1896a3b05f18b \
    --hash=sha256:294e487f9ec720bd8ffcebc99d575f7eff3568a08a253d1ee1a0378754b74143 \
    --hash=sha256:34187385b08f866104f0c0617404c8eb08165ab1272e884abc89c112e9c00746 \
    --hash=sha256:3462dd9475af2025c31cc61be6652dfa25cbfb56cbbf52f4ccfe029f38decaf8 \
    --hash=sha256:3ede829ed8d842f6cd48fc7081d7a41001a56f1f38603f9d49bf3020d59a31ad \
    --hash=sha256:405e8fe955c2280ce66428b3ca55e12b3c4e9c336fb2103a4937e891c69a4a29 \
    --hash=sha256:433403ae80709741ce34038da08511d4a77062aa924baf411ef73d1146e74faf \
    --hash=sha256:494a5952b1c597ba44e0e78113a7266e656b9794eec897b19ead706bd7074383 \
    --hash=sha256:74c51543498289c0c43656701be6b077f4b265868fa7f8a8859c197006efb608 \
    --hash=sha256:776f352e8329135506a1d6bf16ac3f87bc25b28e765949282dcc627af36123aa \
    --hash=sha256:78f7b9e5d6f2fdb88cdde9440dc147259b62b9d3b019924def9f6478be254ac1 \
    --hash=sha256:908bd3f6439f2fef9e85031b59fd4f1297af54415fb60e4254a95f75b3cab3f3 \
    --hash=sha256:96f423a119f4777a4a056b66ce11527366a8bb92f54e541ade21f2374433f6d4 \
    --hash=sha256:c4c800524c9cd9bac5166cd6f55285957fcfc907db323e193f2afcd4d9abd69b \
    --hash=sha256:d6a5df73acd3399d893dafc71663ad22534b5aa4f94e8a2fabfe856c3c1b6a52 \
    --hash=sha256:f833670942247a14eafbb675458b4e61c82e002a148f49e68257b79296e865c4 \
    --hash=sha256:fe3c58d2f5db5fbd18c2987cba06d51b0529f52bc3a6cdc33d3f4eab725104bd
    # via
    #   aiohttp
    #   aiosignal
fsspec==2026.6.0 \
    --hash=sha256:02e0b71817df9b2169dc30a16832045764def1191b43dcff5bb85bdee212d2a1 \
    --hash=sha256:f5bac145310fe30e16e1471bd6840b2d990d609e872251d7e674241822abf01a
    # via huggingface-hub
greenlet==3.5.3 \
    --hash=sha256:215275b1b49320987352e6c1b054acca0064f965a2c66992bed9a6f7d913f149 \
    --hash=sha256:5795cd1101371140551c645f2d408b8d3c01a5a29cf8a9bce6e759c983682d23 \
    --hash=sha256:6b1b0eed82364b0e32c4ea0f221452d33e6bb17ae094d9f72aed9851812747ea \
    --hash=sha256:719757059f5a53fd0dde23f78cffeafcdd97b21c850ddb7ca684a3c1a1f122e2 \
    --hash=sha256:7faba15ac005376e02a0384504e0243be3370ce010296a44a820feb342b505ab \
    --hash=sha256:87142215824be6ac05e2e8e2786eec307ccbc27c36723c3881959df654af6861 \
    --hash=sha256:a61efc018fd3eb317eeca31aba90ee9e7f26f22884a79b6c6ec715bf71bb62f1 \
    --hash=sha256:af4923b3096e26a36d7e9cf24ab88083a20f97d191e3b97f253731ce9b41b28c \
    --hash=sha256:c4e7b79d83805475f0102008843f6eb45fd3bb0b2e88c774adab5fbaab27117d \
    --hash=sha256:cde8adafa2365676f74a979744629589999093bc86e2484214f58e61df08902c \
    --hash=sha256:efa9f765dd09f9d0cdac651ffdf631ee59ec5dc6ee7a73e0c012ba9c52fbdf5b
    # via sqlalchemy
h11==0.16.0 \
    --hash=sha256:4e35b956cf45792e4caa5885e69fba00bdbc6ffafbfa020300e549b208ee5ff1 \
    --hash=sha256:63cf8bbe7522de3bf65932fda1d9c2772064ffb3dae62d55932da54b31cb6c86
    # via
    #   httpcore
    #   uvicorn
hf-xet==1.5.1 ; platform_machine == 'AMD64' or platform_machine == 'aarch64' or platform_machine == 'amd64' or platform_machine == 'arm64' or platform_machine == 'x86_64' \
    --hash=sha256:0c97106032ef70467b4f6bc2d0ccc266d7613ee076afc56516c502f87ce1c4a6 \
    --hash=sha256:51ef4500dab3764b41135ee1381a4b62ce56fc54d4c92b719b59e597d6df5bf6 \
    --hash=sha256:6208adb15d192b90e4c2ad2a27ed864359b2cb0f2494eb6d7c7f3699ac02e2bf \
    --hash=sha256:6abd35c3221eff63836618ddfb954dcf84798603f71d8e33e3ed7b04acfdbe6e \
    --hash=sha256:892e3a3a3aecc12aded8b93cf4f9cd059282c7de0732f7d55026f3abdf474350 \
    --hash=sha256:93d090b57b211133f6c0dab0205ef5cb6d89162979ba75a74845045cc3063b8e \
    --hash=sha256:94e761bbd266bf4c03cee73753916062665ce8365aa40ed321f45afcb934b41e \
    --hash=sha256:a93df2039190502835b1db8cd7e178b0b7b889fe9ab51299d5ced26e0dd879a4 \
    --hash=sha256:f7b3002f95d1c13e24bcb4537baa8f0eb3838957067c91bb4959bc004a6435f5
    # via huggingface-hub
httpcore==1.0.9 \
    --hash=sha256:2d400746a40668fc9dec9810239072b40b4484b640a8c38fd654a024c7a1bf55 \
    --hash=sha256:6e34463af53fd2ab5d807f399a9b45ea31c3dfa2276f15a2c3f00afff6e176e8
    # via httpx
httptools==0.8.0 \
    --hash=sha256:425f83884fd6343828d8c565f046cb72b6d19063f6924093e11bcd8e1548cd09 \
    --hash=sha256:5931891fb7b441b8a3853cf1b85c82c903defce084dd5f6771ca46e31bf862c5 \
    --hash=sha256:6b2a32f18d97e16e90827d7a819ffa8dbd8cc245fc4e1fa9d1095b54ef4bd999 \
    --hash=sha256:880490234c10f70a9830743097e8958d6e4b9f5a0ffc24515023afeef984054d \
    --hash=sha256:a1afd7c9fbff0d9f5d489c4ce2768bd09c84a46ddefc7161e6aa82ae35c85745 \
    --hash=sha256:b15fc622b0f869d19207c4089a501d9bcc63ca5e071ffdd2f03f922df882dcb2 \
    --hash=sha256:cd96f29b4bab1d42fa6e3d008711c75e0f79e94e06827330160e3a304227f150 \
    --hash=sha256:ef7c3c97f4311c7be57e2986629df89d49cb434dbff78eafcd48c2bff986b15a
    # via uvicorn
httpx==0.28.1 \
    --hash=sha256:75e98c5f16b0f35b567856f597f06ff2270a374470a5c2392242528e3e3e42fc \
    --hash=sha256:d909fcccc110f8c7faf814ca82a9a4d816bc5a6dbfea25d6591d6985b8ba59ad
    # via
    #   family-recipe-agent
    #   huggingface-hub
    #   litellm
    #   openai
huggingface-hub==1.23.0 \
    --hash=sha256:b1d604788f5adc7f0eb246e03e0ec19011ca06e38400218c347dccc3dffa64a2 \
    --hash=sha256:c04997fb8bbdace1e57b7703d30ed7678af51f70d00d241819ff411b92ae9a88
    # via tokenizers
idna==3.18 \
    --hash=sha256:7f952cbe720b688055e3f87de14f5c3e5fdaa8bc3928985c4077ca689de849a2 \
    --hash=sha256:ffb385a7e039654cef1ab9ef32c6fafe283c0c0467bba1d9029738ce4a14a848
    # via
    #   anyio
    #   email-validator
    #   httpx
    #   requests
    #   yarl
importlib-metadata==8.9.0 \
    --hash=sha256:58850626cef4bd2df100378b0f2aea9724a7b92f10770d547725b047078f99ee \
    --hash=sha256:e0f761b6ea91ced3b0844c14c9d955224d538105921f8e6754c00f6ca79fba7f
    # via litellm
jinja2==3.1.6 \
    --hash=sha256:0137fb05990d35f1275a587e9aee6d56da821fc83491a0fb838183be43f66d6d \
    --hash=sha256:85ece4451f492d0c13c5dd7c13a64681a86afae63a5f347908daf103ce6d2f67
    # via litellm
jiter==0.16.0 \
    --hash=sha256:0df91907609837f33341b8e6fe73b95991fdaa57caf1a0fbd343dffe826f386f \
    --hash=sha256:1878349266f8ee36ecb1375cc5ba2f115f35fd9f0a1a4119e725e379126647f7 \
    --hash=sha256:2ed5738ae4af18271a51a528b8811b0cbfa4a1858de9d83359e4169855d6a331 \
    --hash=sha256:3a23f0e4f957e1be65752d2dfac9a5a06b1917af8dc85deb639c3b9d02e31290 \
    --hash=sha256:44d019fa8cdaf89bf29c71b39e3712143fdd0ac76725c6ef954f9957a5ea8730 \
    --hash=sha256:46add52f4ad47a08bfb1219f3e673da972191489a33016edefdb5ea55bfa8c48 \
    --hash=sha256:51d7b836acb0108d7c77df1742332cac2a1fa04a74d6dacec46e7091f0e91274 \
    --hash=sha256:561926e0573ffe4a32498420a76d64b16c513e1ab413b9d28158a8764ac701e5 \
    --hash=sha256:5af7780e4a26bd7d0d989592bf9ef12ebf806b74ab709223ecca37c749872ea9 \
    --hash=sha256:64d613743df53199b1aa256a7d328340da6d7078aac7705a7db9d7a791e9cfd2 \
    --hash=sha256:67c3bc1760f8c99d805dcab4e644027142a53b1d5d861f18780ebdbd5d40b72a \
    --hash=sha256:7b24c3492c5f4f84a37946ad9cf504910cf6a782d6a4e0689b6673c5894b4a1c \
    --hash=sha256:96e38eea538c8ddf853a35727c7be0741c76c13f04148ac5c116222f50ece3b3 \
    --hash=sha256:9c8a956fd72c2cf1e730d01ea080341f13aa0a97a4a33b51abebe725b7ae9ca9 \
    --hash=sha256:c22a488f7b9218e245a0025a9ba6b100e2e54700831cf4cf16833a27fba3ad01 \
    --hash=sha256:d284fb8d94d5855d60c44fefcab4bf966f1da6fada73992b01f6f0c9bc0c6702 \
    --hash=sha256:d5bf78d0e05e45cfdd66558893938d59afe3d1b1a824a202039b20e607d25a72 \
    --hash=sha256:f17d61a28b4b3e0e3e2ba98490c70501403b4d196f78732439160e7fd3678127 \
    --hash=sha256:f4444a83f946605990c98f625cdd3d2725bfb818158760c5748c653170a20e0e
    # via openai
jsonschema==4.26.0 \
    --hash=sha256:0c26707e2efad8aa1bfc5b7ce170f3fccc2e4918ff85989ba9ffa9facb2be326 \
    --hash=sha256:d489f15263b8d200f8387e64b4c3a75f06629559fb73deb8fdfb525f2dab50ce
    # via litellm
jsonschema-specifications==2025.9.1 \
    --hash=sha256:98802fee3a11ee76ecaca44429fda8a41bff98b00a0f2838151b113f210cc6fe \
    --hash=sha256:b540987f239e745613c7a9176f3edb72b832a4ac465cf02712288397832b5e8d
    # via jsonschema
kombu==5.6.2 \
    --hash=sha256:8060497058066c6f5aed7c26d7cd0d3b574990b09de842a8c5aaed0b92cc5a55 \
    --hash=sha256:efcfc559da324d41d61ca311b0c64965ea35b4c55cc04ee36e55386145dace93
    # via celery
litellm==1.90.4 \
    --hash=sha256:33a779757fb784a46d4aa478820c19da3af6c34af8c208cb2c56ba6debe79089 \
    --hash=sha256:ae570dcda66782721dbe8375b6b7b72c47515be9756f0e03d8148f75f2833830
    # via family-recipe-agent
mako==1.3.12 \
    --hash=sha256:8f61569480282dbf557145ce441e4ba888be453c30989f879f0d652e39f53ea9 \
    --hash=sha256:9f778e93289bd410bb35daadeb4fc66d95a746f0b75777b942088b7fd7af550a
    # via alembic
markupsafe==3.0.3 \
    --hash=sha256:1872df69a4de6aead3491198eaf13810b565bdbeec3ae2dc8780f14458ec73ce \
    --hash=sha256:26a5784ded40c9e318cfc2bdb30fe164bdb8665ded9cd64d500a34fb42067b1c \
    --hash=sha256:35add3b638a5d900e807944a078b51922212fb3dedb01633a8defc4b01a3c85f \
    --hash=sha256:3a7e8ae81ae39e62a41ec302f972ba6ae23a5c5396c8e60113e9066ef893da0d \
    --hash=sha256:722695808f4b6457b320fdc131280796bdceb04ab50fe1795cd540799ebe1698 \
    --hash=sha256:77f0643abe7495da77fb436f50f8dab76dbc6e5fd25d39589a0f1fe6548bfa2b \
    --hash=sha256:83891d0e9fb81a825d9a6d61e3f07550ca70a076484292a70fde82c4b807286f \
    --hash=sha256:94c6f0bb423f739146aec64595853541634bde58b2135f27f61c1ffd1cd4d16a \
    --hash=sha256:be8813b57049a7dc738189df53d69395eba14fb99345e0a5994914a3864c8a4b \
    --hash=sha256:d53197da72cc091b024dd97249dfc7794d6a56530370992a5e1a08983ad9230e \
    --hash=sha256:d6dd0be5b5b189d31db7cda48b91d7e0a9795f31430b7f271219ab30f1d3ac9d \
    --hash=sha256:d88b440e37a16e651bda4c7c2b930eb586fd15ca7406cb39e211fcff3bf3017d
    # via
    #   jinja2
    #   mako
multidict==6.7.1 \
    --hash=sha256:28ca5ce2fd9716631133d0e9a9b9a745ad7f60bac2bccafb56aa380fc0b6c511 \
    --hash=sha256:3758692429e4e32f1ba0df23219cd0b4fc0a52f476726fff9337d1a57676a582 \
    --hash=sha256:398c1478926eca669f2fd6a5856b6de9c0acf23a2cb59a14c0ba5844fa38077e \
    --hash=sha256:3d51ff4785d58d3f6c91bdbffcb5e1f7ddfda557727043aa20d20ec4f65e324a \
    --hash=sha256:3fccb473e87eaa1382689053e4a4618e7ba7b9b9b8d6adf2027ee474597128cd \
    --hash=sha256:55d97cc6dae627efa6a6e548885712d4864b81110ac76fa4e534c03819fa4a56 \
    --hash=sha256:9c90fed18bffc0189ba814749fdcc102b536e83a9f738a9003e569acd540a733 \
    --hash=sha256:a088b62bd733e2ad12c50dad01b7d0166c30287c166e137433d3b410add807a6 \
    --hash=sha256:a90f75c956e32891a4eda3639ce6dd86e87105271f43d43442a3aedf3cddf172 \
    --hash=sha256:b0fa96985700739c4c7853a43c0b3e169360d6855780021bfc6d0f1ce7c123e7 \
    --hash=sha256:ba0a9fb644d0c1a2194cf7ffb043bd852cea63a57f66fbd33959f7dae18517bf \
    --hash=sha256:bfde23ef6ed9db7eaee6c37dcec08524cb43903c60b285b172b6c094711b3961 \
    --hash=sha256:c102791b1c4f3ab36ce4101154549105a53dc828f016356b3e3bcae2e3a039d3 \
    --hash=sha256:c3a32d23520ee37bf327d1e1a656fec76a2edd5c038bf43eddfa0572ec49c60b \
    --hash=sha256:cb2a55f408c3043e42b40cc8eecd575afa27b7e0b956dfb190de0f8499a57a53 \
    --hash=sha256:da62917e6076f512daccfbbde27f46fed1c98fee202f0559adec8ee0de67f71a \
    --hash=sha256:eb0ce7b2a32d09892b3dd6cc44877a0d02a33241fafca5f25c8b6b62374f8b75 \
    --hash=sha256:ec6652a1bee61c53a3e5776b6049172c53b6aaba34f18c9ad04f82712bac623d \
    --hash=sha256:fc5907494fccf3e7d3f94f95c91d6336b092b5fc83811720fae5e2765890dfba \
    --hash=sha256:fcee94dfbd638784645b066074b338bc9cc155d4b4bffa4adce1615c5a426c19
    # via
    #   aiohttp
    #   yarl
openai==2.45.0 \
    --hash=sha256:10d34ca9c5643bce775852fddbfc172505cb1d4de1ccd101696c3ecff358765d \
    --hash=sha256:5df105f5f8c9b711fcb9d06d2d3888cebc82506db216484c14a4e53cdf651777
    # via litellm
packaging==26.2 \
    --hash=sha256:5fc45236b9446107ff2415ce77c807cee2862cb6fac22b8a73826d0693b0980e \
    --hash=sha256:ff452ff5a3e828ce110190feff1178bb1f2ea2281fa2075aadb987c2fb221661
    # via
    #   huggingface-hub
    #   kombu
prompt-toolkit==3.0.52 \
    --hash=sha256:28cde192929c8e7321de85de1ddbe736f1375148b02f2e17edd840042b1be855 \
    --hash=sha256:9aac639a3bbd33284347de5ad8d68ecc044b91a762dc39b7c21095fcd6a19955
    # via click-repl
propcache==0.5.2 \
    --hash=sha256:01c4fc7480cd0598bb4b57022df55b9ca296da7fc5a8760bd8451a7e63a7d427 \
    --hash=sha256:178b4a2cdaac1818e2bf1c5a99b94383fa73ea5382e032a48dec07dc5668dc42 \
    --hash=sha256:1d1ad32d9d4355e2be65574fd0bfd3677e7066b009cd5b9b2dee8aa6a6393b33 \
    --hash=sha256:2800a4a8ead6b28cccd1ec54b59346f0def7922ee1c7598e8499c733cfbb7c84 \
    --hash=sha256:45f11346f884bc47444f6e6647131055844134c3175b629f84952e2b5cd62b64 \
    --hash=sha256:5671d09a36b06d0fd4a3da0fccbcae360e9b1570924171a15e9e0997f0249fba \
    --hash=sha256:5dbc581d2814337da56222fab8dc5f161cd798a434e49bac27930aaef798e144 \
    --hash=sha256:6f328175a2cde1f0ff2c4ed8ce968b9dcfb55f3a7153f39e2957ed994da13476 \
    --hash=sha256:80168e2ebe4d3ec6599d10ad8f520304ae1cad9b6c5a95372aef1b66b7bfb53a \
    --hash=sha256:806719138ecd720339a12410fb9614ac9b2b2d3a5fdf8235d56981c36f4039ba \
    --hash=sha256:857187f381f88c8e2fa2fe56ab94879d011b883d5a2ee5a1b60a8cd2a06846d9 \
    --hash=sha256:8c7972d8f193740d9175f0998ab38717e6cd322d5935c5b0fef8c0d323fd9031 \
    --hash=sha256:8e778ebd44ef4f66ed60a0416b06b489687db264a9c0b3620362f26489492913 \
    --hash=sha256:be1ddfcbb376e3de5d2e2db1d58d6d67463e6b4f9f040c000de8e300295465fe \
    --hash=sha256:c0cb9ed24c8964e172768d455a38254c2dd8a552905729ce006cad3d3dda59b1 \
    --hash=sha256:c80f4ba3e8f00189165999a742ee526ebeccedf6c3f7beb0c7df821e9772435a \
    --hash=sha256:d9ee8826a7d47863a08ac44e1a5f611a462eefc3a194b492da242128bec75b42 \
    --hash=sha256:db2b80ea58eab4f86b2beec3cc8b39e8ff9276ac20e96b7cce43c8ae84cd6b5a \
    --hash=sha256:e5cbfac9f61484f7e9f3597775500cd3ebe8274e9b050c38f9525c77c97520bf
    # via
    #   aiohttp
    #   yarl
psycopg==3.3.4 \
    --hash=sha256:b6bbc25ccf05c8fad3b061d9db2ef0909a555171b84b07f29458a447253d679a \
    --hash=sha256:e21207764952cff81b6b8bdacad9a3939f2793367fdac2987b3aac36a651b5bc
    # via family-recipe-agent
psycopg-binary==3.3.4 ; implementation_name != 'pypy' \
    --hash=sha256:018fbed325936da502feb546642c982dcc4b9ffdea32dfef78dbf3b7f7ad4070 \
    --hash=sha256:17a21953a9e5ff3a16dab692625a3676e2f101db5e40072f39dbee2250194d68 \
    --hash=sha256:494ca54901be8cf9eb7e02c25b731f2317c378efa44f43e8f9bd0e1184ae7be4 \
    --hash=sha256:580ae30a5f95ccd90008ec697d3ed6a4a2047a516407ad904283fa42086936e9 \
    --hash=sha256:5ab28a2a7649df3b72e6b674b4c190e448e8e77cf496a65bd846472048de2089 \
    --hash=sha256:6402a9d8146cf4b3974ded3fd28a971e83dc6a0333eb7822524a3aa20b546578 \
    --hash=sha256:71e55ccbdfae79a2ed9c6369c3008a3025817ff9d7e27b32a2d84e2a4267e66e \
    --hash=sha256:773d573e11f437ce0bdb95b7c18dc58390494f96d43f8b45b9760436114f7652 \
    --hash=sha256:77df19583501ea288eaf15ac0fe7ad01e6d8091a91d5c41df5c718f307d8e31b \
    --hash=sha256:e7510c37550f91a187e3660a8cc50d4b760f8c3b8b2f89ebc5698cd2c7f2c85d \
    --hash=sha256:eb05ee1c2b817d27c537333224c9e83c7afb86fe7296ba970990068baf819b16
    # via psycopg
pycparser==3.0 ; implementation_name != 'PyPy' and platform_python_implementation != 'PyPy' \
    --hash=sha256:600f49d217304a5902ac3c37e1281c9fe94e4d0489de643a9504c5cdfdfc6b29 \
    --hash=sha256:b727414169a36b7d524c1c3e31839a521725078d7b2ff038656844266160a992
    # via cffi
pydantic==2.13.4 \
    --hash=sha256:45a282cde31d808236fd7ea9d919b128653c8b38b393d1c4ab335c62924d9aba \
    --hash=sha256:c40756b57adaa8b1efeeced5c196f3f3b7c435f90e84ea7f443901bec8099ef6
    # via
    #   family-recipe-agent
    #   fastapi
    #   litellm
    #   openai
    #   pydantic-settings
pydantic-core==2.46.4 \
    --hash=sha256:00c603d540afdd6b80eb39f078f33ebd46211f02f33e34a32d9f053bba711de0 \
    --hash=sha256:1d8ba486450b14f3b1d63bc521d410ec7565e52f887b9fb671791886436a42f7 \
    --hash=sha256:3009f12e4e90b7f88b4f9adb1b0c4a3d58fe7820f3238c190047209d148026df \
    --hash=sha256:3245406455a5d98187ec35530fd772b1d799b26667980872c8d4614991e2c4a2 \
    --hash=sha256:3a233125ac121aa3ffba9a2b59edfc4a985a76092dc8279586ab4b71390875e7 \
    --hash=sha256:4fc73cb559bdb54b1134a706a2802a4cddd27a0633f5abb7e53056268751ac6a \
    --hash=sha256:56cb4851bcaf3d117eddcef4fe66afd750a50274b0da8e22be256d10e5611987 \
    --hash=sha256:5b712b53160b79a5850310b912a5ef8e57e56947c8ad690c227f5c9d7e561712 \
    --hash=sha256:62f875393d7f270851f20523dd2e29f082bcc82292d66db2b64ea71f64b6e1c1 \
    --hash=sha256:8233f2947cf85404441fd7e0085f53b10c93e0ee78611099b5c7237e36aacbf7 \
    --hash=sha256:8d0820e8192167f80d88d64038e609c31452eeca865b4e1d9950a27a4609b00b \
    --hash=sha256:926c9541b14b12b1681dca8a0b75feb510b06c6341b70a8e500c2fdcff837cce \
    --hash=sha256:9401557acd873c3a7f3eb9383edef8ac4968f9510e340f4808d427e75667e7b4 \
    --hash=sha256:962ccbab7b642487b1d8b7df90ef677e03134cf1fd8880bf698649b22a69371f \
    --hash=sha256:9aa768456404a8bf48a4406685ac2bec8e72b62c69313734fa3b73cf33b3a894 \
    --hash=sha256:ad785e92e6dc634c21555edc8bd6b64957ab844541bcb96a1366c202951ae526 \
    --hash=sha256:b2f69dec1725e79a012d920df1707de5caf7ed5e08f3be4435e25803efc47458 \
    --hash=sha256:c68fcd102d71ea85c5b2dfac3f4f8476eff42a9e078fd5faefff6d145063536b \
    --hash=sha256:e9c26f834c65f5752f3f06cb08cb86a913ceb7274d0db6e267808a708b46bc89 \
    --hash=sha256:fbdb89b3e1c94a30cc5edfce477c6e6a5dc4d8f84665b455c27582f211a1c72c
    # via pydantic
pydantic-settings==2.14.2 \
    --hash=sha256:a20c97b37910b6550d5ea50fbcc2d4187defe58cd57070b73863d069419c9440 \
    --hash=sha256:c19dd64b19097f1de80184f0cc7b0272a13ae6e170cbf240a3e27e381ed14a5f
    # via family-recipe-agent
python-dateutil==2.9.0.post0 \
    --hash=sha256:37dd54208da7e1cd875388217d5e00ebd4179249f90fb72437e91a35459a0ad3 \
    --hash=sha256:a8b2bc7bffae282281c8140a97d3aa9c14da0b136dfe83f850eea9a5f7470427
    # via celery
python-dotenv==1.2.2 \
    --hash=sha256:1d8214789a24de455a8b8bd8ae6fe3c6b69a5e3d64aa8a8e5d68e694bbcb285a \
    --hash=sha256:2c371a91fbd7ba082c2c1dc1f8bf89ca22564a087c2c287cd9b662adde799cf3
    # via
    #   litellm
    #   pydantic-settings
    #   uvicorn
pyyaml==6.0.3 \
    --hash=sha256:41715c910c881bc081f1e8872880d3c650acf13dfa8214bad49ed4cede7c34ea \
    --hash=sha256:5fcd34e47f6e0b794d17de1b4ff496c00986e1c83f7ab2fb8fcfe9616ff7477b \
    --hash=sha256:5fdec68f91a0c6739b380c83b951e2c72ac0197ace422360e6d5a959d8d97b2c \
    --hash=sha256:64386e5e707d03a7e172c0701abfb7e10f0fb753ee1d773128192742712a98fd \
    --hash=sha256:7f047e29dcae44602496db43be01ad42fc6f1cc0d8cd6c83d342306c32270196 \
    --hash=sha256:8dc52c23056b9ddd46818a57b78404882310fb473d63f17b07d5c40421e47f8e \
    --hash=sha256:9149cad251584d5fb4981be1ecde53a1ca46c891a79788c0df828d2f166bda28 \
    --hash=sha256:96b533f0e99f6579b3d4d4995707cf36df9100d67e0c8303a0c55b27b5f99bc5 \
    --hash=sha256:ba1cc08a7ccde2d2ec775841541641e4548226580ab850948cbfda66a1befcdc \
    --hash=sha256:d76623373421df22fb4cf8817020cbb7ef15c725b9d5e45f17e189bfc384190f \
    --hash=sha256:fc09d0aa354569bc501d4e787133afc08552722d3ab34836a80547331bb5d4a0
    # via
    #   huggingface-hub
    #   uvicorn
redis==6.4.0 \
    --hash=sha256:b01bc7282b8444e28ec36b261df5375183bb47a07eb9c603f284e89cbc5ef010 \
    --hash=sha256:f0544fa9604264e9464cdf4814e7d4830f74b165d52f2a330a760a88dd248b7f
    # via family-recipe-agent
referencing==0.37.0 \
    --hash=sha256:381329a9f99628c9069361716891d34ad94af76e461dcb0335825aecc7692231 \
    --hash=sha256:44aefc3142c5b842538163acb373e24cce6632bd54bdb01b21ad5863489f50d8
    # via
    #   jsonschema
    #   jsonschema-specifications
regex==2026.7.10 \
    --hash=sha256:1050fedf0a8a92e843971120c2f57c3a99bea86c0dfa1d63a9fac053fe54b135 \
    --hash=sha256:396ea70e4ea1f19571940add3bad9fd3eb6a19dc610d0d01f692bc1ba0c10cb4 \
    --hash=sha256:58a4571b2a093f6f6ee4fd281faa8ebf645abcf575f758173ea2605c7a1e1ecb \
    --hash=sha256:65ee5d1ac3cd541325f5ac92625b1c1505f4d171520dd931bda7952895c5321a \
    --hash=sha256:7252b48b0c60100095088fbeb281fca9a4fcf678a4e04b1c520c3f8613c952c4 \
    --hash=sha256:87794549a3f5c1c2bdfba2380c1bf87b931e375f4133d929da44f95e396bf5fe \
    --hash=sha256:948dfc62683a6947b9b486c4598d8f6e3ecc542478b6767b87d52be68aeb55c6 \
    --hash=sha256:9d028d189d8f38d7ff292f22187c0df37f2317f554d2ed9a2908ada330af57c0 \
    --hash=sha256:aa34473fbcc108fea403074f3f45091461b18b2047d136f16ffaa4c65ad46a68 \
    --hash=sha256:c2cbd385d82f63bb35edb60b09b08abad3619bd0a4a492ae59e55afaf98e1b9d \
    --hash=sha256:da6ef4cb8d457aab0482b50120136ae94238aaa421863eaa7d599759742c72d6 \
    --hash=sha256:eac1207936555aa691ce32df1432b478f2729d54e6d93a1f4db9215bcd8eb47d \
    --hash=sha256:ebbf0d83ed5271991d666e54bb6c90ac2c55fb2ef3a88740c6af85dc85de2402 \
    --hash=sha256:ecae626449d00db8c08f8f1fc00047a32d6d7eb5402b3976f5c3fda2b80a7a4f \
    --hash=sha256:f3463a5f26be513a49e4d497debcf1b252a2db7b92c77d89621aa90b83d2dd38 \
    --hash=sha256:f6222cafe00e072bb2b8f14142cd969637411fbc4dd3b1d73a90a3b817fa046f \
    --hash=sha256:fe7ff456c22725c9d9017f7a2a7df2b51af6df77314176760b22e2d05278e181
    # via tiktoken
requests==2.34.2 \
    --hash=sha256:2a0d60c172f83ac6ab31e4554906c0f3b3588d37b5cb939b1c061f4907e278e0 \
    --hash=sha256:f288924cae4e29463698d6d60bc6a4da69c89185ad1e0bcc4104f584e960b9ed
    # via tiktoken
rpds-py==2026.6.3 \
    --hash=sha256:127565fead0a10943b282957bd5447804ff3160ad79f2ad2635e6d249e380680 \
    --hash=sha256:1cebd1337c242e4ec2293e541f712b2da849b29f48f0c293684b71c0632625d4 \
    --hash=sha256:22bffe6042b9bcb0822bcd1955ec00e245daf17b4344e4ed8e9551b976b63e96 \
    --hash=sha256:270b293dae9058fc9fcedab50f13cebf46fb8ed1d1d54e0521a9da5d6b211975 \
    --hash=sha256:2c958bf94822e9290a40aaf2a822d4bc5c88099093e3948ad6c571eca9272e5f \
    --hash=sha256:2c99f7e8ccb3dd6e3e4bfeac657a7b208c9bac8075f4b078c02d7404c34107fa \
    --hash=sha256:501f9f04a588d6a09179368c57071301445191767c64e4b52a6aa9871f1ef5ed \
    --hash=sha256:538949e262e46caa31ac01bdb3c1e8f642622922cacbabbae6a8445d9dc33eaf \
    --hash=sha256:55927d532399c2c646100ff7feb48eaa940ad70f42cd68e1328f3ded9f81ca24 \
    --hash=sha256:58eadac9cd119677b60e1cf8ac4052f35949d71b8a9e5556efccbe82533cf22a \
    --hash=sha256:62698275682bf121181861295c9181e789030a2d516071f5b8f3c23c170cd0fc \
    --hash=sha256:7491ee23305ac3eb59e492b6945881f5cd77a6f731061a3f25b77fd40f9e99a4 \
    --hash=sha256:a0811d33247c3d6128a3001d763f2aa056bb3425204335400ac54f89eec3a0d0 \
    --hash=sha256:a214c993455f99a89aaeadc9b21241900037adc9d97203e374d75513c5911822 \
    --hash=sha256:ecabd69db66de867690f9797f2f8fa27ba501bbc24540cbdbdc649cd15888ba6 \
    --hash=sha256:f56f1695bc5c0871cbc33dc0130fcf503aab0c57dcc5a6700a4f49eba4f2652e
    # via
    #   jsonschema
    #   referencing
six==1.17.0 \
    --hash=sha256:4721f391ed90541fddacab5acf947aa0d3dc7d27b2e1e8eda2be8970586c3274 \
    --hash=sha256:ff70335d468e7eb6ec65b95b99d3a2836546063f63acc5171de367e834932a81
    # via python-dateutil
sniffio==1.3.1 \
    --hash=sha256:2f6da418d1f1e0fddd844478f41680e794e6051915791a034ff65e5f100525a2 \
    --hash=sha256:f4324edc670a0f49750a81b895f35c3adb843cca46f0530f79fc1babb23789dc
    # via openai
sqlalchemy==2.0.51 \
    --hash=sha256:1181256e0f16479691b5616d36375dc2620ad8332b25978763c3d206ad3f3f1d \
    --hash=sha256:1d21ce524ab86c23046e992a5b81cb54c21079c6df6e78b8fc77d77cac70a6b9 \
    --hash=sha256:2cf39aabdf48e87c1c2c2ed6d20d33ffa0733b3071ce9c5f66357947dd009080 \
    --hash=sha256:581921d849d6e6f994d560389192955e80e2950e18fcdfe2ccea863e01158e6e \
    --hash=sha256:7d78702b26ba1c18b2d0fb2ea940ba7f17a9581b42e8361ff93920ebbee1235a \
    --hash=sha256:804dccd8a4a6242c4e30ad961e540e18a588f6527202f2d6791b01845d59fdc9 \
    --hash=sha256:9f380393be5abeb6815f68fd39271b95127173511b6706b0a630a9995d53f8f5 \
    --hash=sha256:bb024d8b621d0be75f4f44ecc7c950450026e76d66dc8f791bb5331d7fed59d5 \
    --hash=sha256:c5d98a2709840027f5a347c3af0a7c3d5f6c1ff93af2ca1c54494e23cba8f389
    # via
    #   alembic
    #   family-recipe-agent
starlette==1.3.1 \
    --hash=sha256:05d0213193f2fbaae60e2ecb593b4add4262ad4e46536b54abe36f11a71724e0 \
    --hash=sha256:c7372aae11c3c3f26a42df7bd626cec2f47d03483d261d369516a615a53714c6
    # via fastapi
tiktoken==0.13.0 \
    --hash=sha256:2c397ddda233208345b01bd30f2fca79ff730e55731d0108a603f9bc57f6af3b \
    --hash=sha256:32ac870a806cfb260a02d0cb70426aef02e038297f8ad50df5040bb5af360791 \
    --hash=sha256:3f277ebea5edd7b8bf03c6f9431e1d67d517530115572b2dc1d465326e8f88c7 \
    --hash=sha256:4d9980f11429ed2d737c463bb1fb78cf330caa026adf002f714aced7849a687b \
    --hash=sha256:8f2d16e7a7c783ad81f36e457d046d1f1c8af70b22aec8a13238efe531977c41 \
    --hash=sha256:95097e4f89b06403976e498abf61a0ee73a7497e73fb599cb211d8197a054d91 \
    --hash=sha256:a116178fa7e1b4065bff05214360373a65cac22f965be7b3f73d00a0dbfe7649 \
    --hash=sha256:c9435714c3a84c2319499de9a300c0e604449dd0799ff246458b3bb6a7f433c1
    # via litellm
tokenizers==0.23.1 \
    --hash=sha256:120468fb4c24faf0543c835a4fabafa4deb3f20a035c9b6e83d0b553a97615d4 \
    --hash=sha256:1974288a609c343774f1b897c8b482c791ab17b75ab5c8c2b1737565c1d82288 \
    --hash=sha256:1bf13402aff9bc533c89cb849ec3b412dc3fbeacc9744840e423d7bf3f7dc0e3 \
    --hash=sha256:1feeeadf865a7915adc25445dea30e9933e593c31bb96c277cee36de227c8bfa \
    --hash=sha256:5075b405006415ea148a992d093699c66eb01952bf59f4d5727089a98bda45a4 \
    --hash=sha256:53b09e85775d5187941e7bab30e941b4134ab4a7dd8c68e783d231fb7ca27c51 \
    --hash=sha256:56f3a77de629917652f876294dc9fe6bad4a0c43bc229dc72e59bb23a0f4729a \
    --hash=sha256:93120a930b919416da7cd10a2f606ac9919cc69cacae7980fa2140e277660948 \
    --hash=sha256:9d10a6d957ef01896dc274e890eee27d41bd0e74ef31e60616f0fc311345184e \
    --hash=sha256:a26197957d8e4425dfba746315f3c425ea00cfa8367c5fbc4ec73447893dcea9 \
    --hash=sha256:ae848657742035523fdf261773630cb819a26995fcd3d9ecae0c1daf6e5a4959 \
    --hash=sha256:e03d6ffcbe0d56ee9c1ccd070e70a13fa750727c0277e138152acbc0252c2224 \
    --hash=sha256:e0948bbb1ac1d7cdfc9fb6d62c596e3b7550036ad60ecd654a66ad273326324e \
    --hash=sha256:e3d8f40ea6268047de7046906326abed5134f27d4e8447b23763afe5808c8a96 \
    --hash=sha256:e7bfaf995c1bdbbd21d13539decb6650967013759318627d85daeb7881af16b7 \
    --hash=sha256:ea5a0ce170074329faaa8ea3f6400ecde604b6678192688533af80980daae71a \
    --hash=sha256:f836ca703b89ae07919a309f9651f7a88fd5a33d5f718ba5ad0870ec0256bad6
    # via litellm
tqdm==4.68.4 \
    --hash=sha256:19829c9673638f2a0b8617da4cdcb927e831cd88bcfcb6e78d42a4d1af131520 \
    --hash=sha256:5168118b2368f48c561afda8020fd79195b1bdb0bdf8086b88442c267a315dc2
    # via
    #   huggingface-hub
    #   openai
typing-extensions==4.16.0 \
    --hash=sha256:481caa481374e813c1b176ada14e97f1f67a4539ce9cfeb3f350d78d6370c2e8 \
    --hash=sha256:dc983d19a509c94dba722ee6abd33940f7c05a89e243c47e907eb4db6f1a43e5
    # via
    #   aiohttp
    #   aiosignal
    #   alembic
    #   anyio
    #   fastapi
    #   huggingface-hub
    #   openai
    #   psycopg
    #   pydantic
    #   pydantic-core
    #   referencing
    #   sqlalchemy
    #   starlette
    #   typing-inspection
typing-inspection==0.4.2 \
    --hash=sha256:4ed1cacbdc298c220f1bd249ed5287caa16f34d44ef4e9c3d0cbad5b521545e7 \
    --hash=sha256:ba561c48a67c5958007083d386c3295464928b01faa735ab8547c5692e87f464
    # via
    #   fastapi
    #   pydantic
    #   pydantic-settings
tzdata==2026.3 \
    --hash=sha256:4a1518b8993086a7982523e071643f3c0e5f213e75b21318e78bcabfff9d1415 \
    --hash=sha256:dc096730c87af6cab1b171c9d532be840741ff5d459015e7f6947bd7d7e54931
    # via
    #   kombu
    #   psycopg
    #   tzlocal
tzlocal==5.4.4 \
    --hash=sha256:8dbb8660838688a7b6ba4fed31d18dedf842afb4d47ca050d6d891c2c15f3be4 \
    --hash=sha256:aae09f0126a8a86fa736be266eb4a471380d26a0de3bc14844e7821fee3e2a15
    # via celery
urllib3==2.7.0 \
    --hash=sha256:231e0ec3b63ceb14667c67be60f2f2c40a518cb38b03af60abc813da26505f4c \
    --hash=sha256:9fb4c81ebbb1ce9531cce37674bbc6f1360472bc18ca9a553ede278ef7276897
    # via requests
uvicorn==0.51.0 \
    --hash=sha256:5d38af6cd620f2ae3849fb44fd4879e0890aa1febe8d47eb355fb45d93fe6a5b \
    --hash=sha256:f6f4b69b657c312f516dd2d268ab9ae6f254b11e4bac504f37b2ab58b24dd0b0
    # via family-recipe-agent
uvloop==0.22.1 ; platform_python_implementation != 'PyPy' and sys_platform != 'cygwin' and sys_platform != 'win32' \
    --hash=sha256:512fec6815e2dd45161054592441ef76c830eddaad55c8aa30952e6fe1ed07c0 \
    --hash=sha256:51eb9bd88391483410daad430813d982010f9c9c89512321f5b60e2cddbdddd6 \
    --hash=sha256:6c84bae345b9147082b17371e3dd5d42775bddce91f885499017f4607fdaf39f \
    --hash=sha256:700e674a166ca5778255e0e1dc4e9d79ab2acc57b9171b79e65feba7184b3370 \
    --hash=sha256:7b5b1ac819a3f946d3b2ee07f09149578ae76066d70b44df3fa990add49a82e4 \
    --hash=sha256:e047cc068570bac9866237739607d1313b9253c3051ad84738cbb095be0537b2 \
    --hash=sha256:fe94b4564e865d968414598eea1a6de60adba0c040ba4ed05ac1300de402cd42
    # via uvicorn
vine==5.1.0 \
    --hash=sha256:40fdf3c48b2cfe1c38a49e9ae2da6fda88e4794c810050a728bd7413811fb1dc \
    --hash=sha256:8b62e981d35c41049211cf62a0a1242d8c1ee9bd15bb196ce38aefd6799e61e0
    # via
    #   amqp
    #   celery
    #   kombu
watchfiles==1.2.0 \
    --hash=sha256:2581a94056e55d7d0a31a823ea92bf73749c489ca2285bfdc0fbe6b2bb49d50c \
    --hash=sha256:2995c176de7692b86a2e4c58d9ec718f753150a979cb4a754e2b4ffa38e70906 \
    --hash=sha256:2cb93af48550faf1cea04c303107c8b75833de7013e57ce27d3b8d21d8d0f58c \
    --hash=sha256:2d95ddc1eb6914154253d239089900813f6a767e174b8e6a50e7fdacb7e4236c \
    --hash=sha256:41bc1199f7523b3f82843c88cbb979180c949caef0342cf90968f178e5d49b01 \
    --hash=sha256:56d8641cf834c2836922899105bd3ce3d0dfc69291d52edf0b4d0436829b34c0 \
    --hash=sha256:7571e4464cb6e434958f867f7f730b8ab0b75e3f8e5eac0499168486ab3c33a8 \
    --hash=sha256:7a2cffd17d27d2ecbb310c2b1d8174f222a5495b1a721894afa88ec11e25b898 \
    --hash=sha256:8f70d8b291ef6e88d19b1f297a6905ddb978888d9272b0d05e6f53309856bcfc \
    --hash=sha256:8fa585ede612ee9f9e91b18bebf9ba11b9ae29a4e3a0d0cf6fca3e382133f0d5 \
    --hash=sha256:bc13eb17538be00c874699dc0abe4ee2bc8d50bb1166a6b9e175ef3fd7eb8f26 \
    --hash=sha256:c995fba777f1ea992f090f9236e9284cf7a5d1a0130dd5a3d82c598cacd76838 \
    --hash=sha256:d20029a60a71a052a24c4db7673bc4de39ab89adbaccbfb5d67987c5d73f424d \
    --hash=sha256:e53a384f76b631c3ae5334ce6a52f0baa3a911eb94a4eac7f160079868b716d5 \
    --hash=sha256:f155b3a1b2a5fc89cdc70d47ee5d54e3b75e88efa34982028a35daef9ba00379
    # via uvicorn
wcwidth==0.8.2 \
    --hash=sha256:91fbef97204b96a3d4d421609b80340b760cf33e26da123ff243d76b1fda8dda \
    --hash=sha256:d63947694a0539a1d51e01eda7caf800c291020e6cdd7e28ad7b14dd33ad4f85
    # via prompt-toolkit
websockets==16.1 \
    --hash=sha256:0352f5b38b40e857b6428d468fa21dbb4dd4a567d933c26d9831b4efe1b92f43 \
    --hash=sha256:0c64c024ddf7a35331b21fcddb562a039c275d2c82e8c2d12939e7da23997270 \
    --hash=sha256:299468cbe42e2b9981134c7c51d99387d8a7bf562b00183b3eec53f882846dad \
    --hash=sha256:2bd3e12cd9afbe2baedae0b1eeade8ba64329b60fe2f9abdc966bd10fd2c2ef5 \
    --hash=sha256:353f3bc6e058ac1ccab4b3588e8598837a8c04cfc8351233e6d523be675d844c \
    --hash=sha256:35f41979c8623df9bd30d949d82010a8fda5c56ff12cd8508a5b7272b6d4b53a \
    --hash=sha256:4e969170c3b08e1d8dabd990fef1fa702c4233aeaabec33f871806e444f6a0e4 \
    --hash=sha256:6852c9f653966c16109d3b6f31181fd734f7914927e3f0fa1117af7a18c9aa21 \
    --hash=sha256:70bd789afab579602968c39f21cb925466505f3edff22f0ae852bca54978a4f9 \
    --hash=sha256:a24d1f35aef07d794a16c853c688e74956c50239bec37b4f2de080056046419b \
    --hash=sha256:a58532c49a851bcb481e58c1be23b315c17fe2fbbed509d75aeea12f543d2c15 \
    --hash=sha256:b43fcfb521ac2f34ba80b7b8ea16303e4ad82dd8af667bf40839ad3a5d37b164 \
    --hash=sha256:b6aa3f7ad345cf3862c21f4fbf2ef5e14d911348476c2845e137c091fe3a3f0b \
    --hash=sha256:b9f5d83f80f4d7c4bba6d97f3755ac05850c784dce0fd2ab371c4e41172f53ff \
    --hash=sha256:c14b6634af01541e4efe2954fd8f263386f7aa6d37c01e55dd8109fd17661452 \
    --hash=sha256:c3e99757f5baafe20fc598e202ea6f5b0b265186ad38d0a17bd8beca16296955 \
    --hash=sha256:c5149dfe490ec7e5ee5dbf624c642fb725f93a5575c7f00ab594ca9eddb8dd81 \
    --hash=sha256:d0fb4b46f121eccd539353baebd1083a8767a9a351109453d1d1caecd1ba40c2 \
    --hash=sha256:ff9b000064b88787ba9f7a3cb2af2b68a658ca5aad76458a46469e7124b678a0
    # via uvicorn
yarl==1.24.2 \
    --hash=sha256:044a09d8401fcf8681977faef6d286b8ade1e2d2e9dceda175d1cfa5ca496f30 \
    --hash=sha256:2783d9226db8797636cd6896e4de81feed252d1db72265686c9558d97a4d94b9 \
    --hash=sha256:3065657c80a2321225e804048597ad55658a7e76b32d6f5ee4074d04c50401db \
    --hash=sha256:3b075301a2836a0e297b1b658cb6d6135df535d62efefdd60366bd589c2c82f2 \
    --hash=sha256:47a55d6cf6db2f401017a9e96e5288844e5051911fb4e0c8311a3980f5e59a7d \
    --hash=sha256:507cc19f0b45454e2d6dcd62ff7d062b9f77a2812404e62dbdaec05b50faa035 \
    --hash=sha256:5ec8356b8a6afcf81fc7aeeef13b1ff7a49dec00f313394bbb9e83830d32ccd7 \
    --hash=sha256:7dafe10c12ddd4d120d528c4b5599c953bd7b12845347d507b95451195bb6cad \
    --hash=sha256:7e7ebcdef69dec6c6451e616f32b622a6d4a2e92b445c992f7c8e5274a6bbc4c \
    --hash=sha256:8ae44649b00947634ab0dab2a374a638f52923a6e67083f2c156cd5cbd1a881d \
    --hash=sha256:990de4f680b1c217e77ff0d6aa0029f9eb79889c11fb3e9a3942c7eba29c1996 \
    --hash=sha256:9ac374123c6fd7abf64d1fec93962b0bd4ee2c19751755a762a72dd96c0378f8 \
    --hash=sha256:abb8ec0323b80161e3802da3150ef660b41d0e9be2048b76a363d93eee992c2b \
    --hash=sha256:b975866c184564c827e0877380f0dae57dcca7e52782128381b72feff6dfceb8 \
    --hash=sha256:c4c17bad5a530912d2111825d3f05e89bab2dd376aaa8cbc77e449e6db63e576 \
    --hash=sha256:cb84b80d88e19ede158619b80813968713d8d008b0e2497a576e6a0557d50712 \
    --hash=sha256:e30dd55825dc554ec5b66a94953b8eda8745926514c5089dfcacecb9c99b5bd1 \
    --hash=sha256:e7977781f83638a4c73e0f88425563d70173e0dfd90ac006a45c65036293ee3c \
    --hash=sha256:f5f0cbb112838a4a293985b6ed73948a547dadcc1ba6d2089938e7abdedceef8
    # via aiohttp
zipp==4.1.0 \
    --hash=sha256:25ad4e16390cd314347dd8f1de67a2ac538ae658ed4ab9db16029c07c188e97f \
    --hash=sha256:4cb57381f544315db7688e976e922a2b18cdb513d21cc194eb42232ba2a3e602
    # via importlib-metadata
